
Microsoft Visual Studio Solution File, Format Version 12.00
# Visual Studio Version 17
VisualStudioVersion = 17.2.32630.192
MinimumVisualStudioVersion = 10.0.40219.1
Project("{2150E333-8FDC-42A3-9474-1A3956D46DE8}") = "Solutions items", "Solutions items", "{DD220189-9659-4C35-9AE7-72512CB57B5E}"
	ProjectSection(SolutionItems) = preProject
		.gitignore = .gitignore
		README.md = README.md
	EndProjectSection
EndProject
Project("{2150E333-8FDC-42A3-9474-1A3956D46DE8}") = "Src", "Src", "{37CEC182-E06E-4ED6-BEE9-539810F09F0E}"
EndProject
Project("{2150E333-8FDC-42A3-9474-1A3956D46DE8}") = "Tests", "Tests", "{F97AA442-DFA0-4222-B4EF-3BD5927943DF}"
EndProject
Project("{2150E333-8FDC-42A3-9474-1A3956D46DE8}") = "Services", "Services", "{61F0E6C3-8B0E-496D-B3CD-2E4C0F31BC92}"
EndProject
Project("{2150E333-8FDC-42A3-9474-1A3956D46DE8}") = "Web", "Web", "{B68B2695-2833-42C1-BA91-9C04062A127C}"
EndProject
Project("{2150E333-8FDC-42A3-9474-1A3956D46DE8}") = "Mobile", "Mobile", "{D1CE4DD8-00F1-4B2A-9A5D-F94E9BC3DA00}"
EndProject
Project("{2150E333-8FDC-42A3-9474-1A3956D46DE8}") = "Admin", "Admin", "{E076F11B-8600-4DCE-93C1-C12AECBC133B}"
EndProject
Project("{2150E333-8FDC-42A3-9474-1A3956D46DE8}") = "Core", "Core", "{CD90652C-C843-472C-918F-3E4DBC913879}"
EndProject
Project("{FAE04EC0-301F-11D3-BF4B-00C04F79EFBC}") = "Admin.Domain", "Src\Services\Admin\Core\Admin.Domain\Admin.Domain.csproj", "{B7041684-0ADD-425F-9427-8EFA747A1784}"
EndProject
Project("{2150E333-8FDC-42A3-9474-1A3956D46DE8}") = "Services", "Services", "{A27E3BA7-2474-4AF1-BCE9-1AFA0E037F14}"
EndProject
Project("{2150E333-8FDC-42A3-9474-1A3956D46DE8}") = "Admin", "Admin", "{5BCB4327-92E6-4872-BC81-E2CAB02B3F75}"
EndProject
Project("{FAE04EC0-301F-11D3-BF4B-00C04F79EFBC}") = "Admin.Domain.Tests", "Tests\Services\Admin\Admin.Domain.Tests\Admin.Domain.Tests.csproj", "{77C8931B-907A-4A9C-8BE9-7A55CF844F5E}"
EndProject
Global
	GlobalSection(SolutionConfigurationPlatforms) = preSolution
		Debug|Any CPU = Debug|Any CPU
		Release|Any CPU = Release|Any CPU
	EndGlobalSection
	GlobalSection(ProjectConfigurationPlatforms) = postSolution
		{B7041684-0ADD-425F-9427-8EFA747A1784}.Debug|Any CPU.ActiveCfg = Debug|Any CPU
		{B7041684-0ADD-425F-9427-8EFA747A1784}.Debug|Any CPU.Build.0 = Debug|Any CPU
		{B7041684-0ADD-425F-9427-8EFA747A1784}.Release|Any CPU.ActiveCfg = Release|Any CPU
		{B7041684-0ADD-425F-9427-8EFA747A1784}.Release|Any CPU.Build.0 = Release|Any CPU
		{77C8931B-907A-4A9C-8BE9-7A55CF844F5E}.Debug|Any CPU.ActiveCfg = Debug|Any CPU
		{77C8931B-907A-4A9C-8BE9-7A55CF844F5E}.Debug|Any CPU.Build.0 = Debug|Any CPU
		{77C8931B-907A-4A9C-8BE9-7A55CF844F5E}.Release|Any CPU.ActiveCfg = Release|Any CPU
		{77C8931B-907A-4A9C-8BE9-7A55CF844F5E}.Release|Any CPU.Build.0 = Release|Any CPU
	EndGlobalSection
	GlobalSection(SolutionProperties) = preSolution
		HideSolutionNode = FALSE
	EndGlobalSection
	GlobalSection(NestedProjects) = preSolution
		{61F0E6C3-8B0E-496D-B3CD-2E4C0F31BC92} = {37CEC182-E06E-4ED6-BEE9-539810F09F0E}
		{B68B2695-2833-42C1-BA91-9C04062A127C} = {37CEC182-E06E-4ED6-BEE9-539810F09F0E}
		{D1CE4DD8-00F1-4B2A-9A5D-F94E9BC3DA00} = {37CEC182-E06E-4ED6-BEE9-539810F09F0E}
		{E076F11B-8600-4DCE-93C1-C12AECBC133B} = {61F0E6C3-8B0E-496D-B3CD-2E4C0F31BC92}
		{CD90652C-C843-472C-918F-3E4DBC913879} = {E076F11B-8600-4DCE-93C1-C12AECBC133B}
		{B7041684-0ADD-425F-9427-8EFA747A1784} = {CD90652C-C843-472C-918F-3E4DBC913879}
		{A27E3BA7-2474-4AF1-BCE9-1AFA0E037F14} = {F97AA442-DFA0-4222-B4EF-3BD5927943DF}
		{5BCB4327-92E6-4872-BC81-E2CAB02B3F75} = {A27E3BA7-2474-4AF1-BCE9-1AFA0E037F14}
		{77C8931B-907A-4A9C-8BE9-7A55CF844F5E} = {5BCB4327-92E6-4872-BC81-E2CAB02B3F75}
	EndGlobalSection
	GlobalSection(ExtensibilityGlobals) = postSolution
		SolutionGuid = {EDBB8BEA-9D33-410C-BC60-5D050DAF017F}
	EndGlobalSection
EndGlobal
